
Microsoft Visual Studio Solution File, Format Version 12.00
# Visual Studio 2013
VisualStudioVersion = 12.0.31101.0
MinimumVisualStudioVersion = 10.0.40219.1
Project("{FAE04EC0-301F-11D3-BF4B-00C04F79EFBC}") = "LingSubPlayer", "LingSubPlayer\LingSubPlayer.csproj", "{5E4E5579-95D3-4536-934B-45433ADF92BA}"
EndProject
Project("{2150E333-8FDC-42A3-9474-1A3956D46DE8}") = ".nuget", ".nuget", "{59127DDC-CF4E-40C7-91B1-64E9B8F0C33E}"
	ProjectSection(SolutionItems) = preProject
		.nuget\NuGet.Config = .nuget\NuGet.Config
		.nuget\NuGet.exe = .nuget\NuGet.exe
		.nuget\NuGet.targets = .nuget\NuGet.targets
	EndProjectSection
EndProject
Project("{2150E333-8FDC-42A3-9474-1A3956D46DE8}") = ".git", ".git", "{73503849-70D9-4716-B9CC-36C0A7E4881B}"
	ProjectSection(SolutionItems) = preProject
		.gitattributes = .gitattributes
		.gitignore = .gitignore
		LICENSE = LICENSE
		README.md = README.md
	EndProjectSection
EndProject
Project("{FAE04EC0-301F-11D3-BF4B-00C04F79EFBC}") = "LingSubPlayer.Wpf.Core", "LingSubPlayer.Wpf.Core\LingSubPlayer.Wpf.Core.csproj", "{ABB3C3A7-62E2-4E4E-9CF7-4C15734EE154}"
EndProject
Project("{FAE04EC0-301F-11D3-BF4B-00C04F79EFBC}") = "LingSubPlayer.Wpf.Core.Tests", "LingSubPlayer.Wpf.Core.Tests\LingSubPlayer.Wpf.Core.Tests.csproj", "{DAF6E8F5-D92E-4A4F-B32E-534AE352A505}"
EndProject
Project("{FAE04EC0-301F-11D3-BF4B-00C04F79EFBC}") = "LingSubPlayer.Common", "LingSubPlayer.Common\LingSubPlayer.Common.csproj", "{9A54737C-B098-4C43-88BB-0C71790EE47B}"
EndProject
Project("{FAE04EC0-301F-11D3-BF4B-00C04F79EFBC}") = "LingSubPlayer.Common.Tests", "LingSubPlayer.Common.Tests\LingSubPlayer.Common.Tests.csproj", "{EFF84DA9-70AD-4CE8-986C-3E4FBD79928F}"
EndProject
Global
	GlobalSection(SolutionConfigurationPlatforms) = preSolution
		Debug|x86 = Debug|x86
		Release|x86 = Release|x86
	EndGlobalSection
	GlobalSection(ProjectConfigurationPlatforms) = postSolution
		{5E4E5579-95D3-4536-934B-45433ADF92BA}.Debug|x86.ActiveCfg = Debug|x86
		{5E4E5579-95D3-4536-934B-45433ADF92BA}.Debug|x86.Build.0 = Debug|x86
		{5E4E5579-95D3-4536-934B-45433ADF92BA}.Release|x86.ActiveCfg = Release|x86
		{5E4E5579-95D3-4536-934B-45433ADF92BA}.Release|x86.Build.0 = Release|x86
		{ABB3C3A7-62E2-4E4E-9CF7-4C15734EE154}.Debug|x86.ActiveCfg = Debug|x86
		{ABB3C3A7-62E2-4E4E-9CF7-4C15734EE154}.Debug|x86.Build.0 = Debug|x86
		{ABB3C3A7-62E2-4E4E-9CF7-4C15734EE154}.Release|x86.ActiveCfg = Release|x86
		{ABB3C3A7-62E2-4E4E-9CF7-4C15734EE154}.Release|x86.Build.0 = Release|x86
		{DAF6E8F5-D92E-4A4F-B32E-534AE352A505}.Debug|x86.ActiveCfg = Debug|x86
		{DAF6E8F5-D92E-4A4F-B32E-534AE352A505}.Debug|x86.Build.0 = Debug|x86
		{DAF6E8F5-D92E-4A4F-B32E-534AE352A505}.Release|x86.ActiveCfg = Release|x86
		{DAF6E8F5-D92E-4A4F-B32E-534AE352A505}.Release|x86.Build.0 = Release|x86
		{9A54737C-B098-4C43-88BB-0C71790EE47B}.Debug|x86.ActiveCfg = Debug|x86
		{9A54737C-B098-4C43-88BB-0C71790EE47B}.Debug|x86.Build.0 = Debug|x86
		{9A54737C-B098-4C43-88BB-0C71790EE47B}.Release|x86.ActiveCfg = Release|x86
		{9A54737C-B098-4C43-88BB-0C71790EE47B}.Release|x86.Build.0 = Release|x86
		{EFF84DA9-70AD-4CE8-986C-3E4FBD79928F}.Debug|x86.ActiveCfg = Debug|x86
		{EFF84DA9-70AD-4CE8-986C-3E4FBD79928F}.Debug|x86.Build.0 = Debug|x86
		{EFF84DA9-70AD-4CE8-986C-3E4FBD79928F}.Release|x86.ActiveCfg = Release|x86
		{EFF84DA9-70AD-4CE8-986C-3E4FBD79928F}.Release|x86.Build.0 = Release|x86
	EndGlobalSection
	GlobalSection(SolutionProperties) = preSolution
		HideSolutionNode = FALSE
	EndGlobalSection
EndGlobal
